// !$*UTF8*$!
{
	archiveVersion = 1;
	classes = {
	};
	objectVersion = 50;
	objects = {

/* Begin PBXBuildFile section */
		E642FD7D238DBC5F00C0CC56 /* TicViewController.swift in Sources */ = {isa = PBXBuildFile; fileRef = E642FD7C238DBC5F00C0CC56 /* TicViewController.swift */; };
		E642FD81239301BD00C0CC56 /* BotViewController.swift in Sources */ = {isa = PBXBuildFile; fileRef = E642FD80239301BD00C0CC56 /* BotViewController.swift */; };
		E642FD83239301CC00C0CC56 /* HumanViewController.swift in Sources */ = {isa = PBXBuildFile; fileRef = E642FD82239301CC00C0CC56 /* HumanViewController.swift */; };
		E6F9C6EC23ABFAC900D45500 /* BullViewController.swift in Sources */ = {isa = PBXBuildFile; fileRef = E6F9C6EB23ABFAC900D45500 /* BullViewController.swift */; };
		E6F9C6EE23B144E900D45500 /* FifteenViewController.swift in Sources */ = {isa = PBXBuildFile; fileRef = E6F9C6ED23B144E900D45500 /* FifteenViewController.swift */; };
		E6FA10A5238D90D70080E72F /* AppDelegate.swift in Sources */ = {isa = PBXBuildFile; fileRef = E6FA10A4238D90D70080E72F /* AppDelegate.swift */; };
		E6FA10A7238D90D70080E72F /* MainViewController.swift in Sources */ = {isa = PBXBuildFile; fileRef = E6FA10A6238D90D70080E72F /* MainViewController.swift */; };
		E6FA10AA238D90D70080E72F /* Main.storyboard in Resources */ = {isa = PBXBuildFile; fileRef = E6FA10A8238D90D70080E72F /* Main.storyboard */; };
		E6FA10AC238D90D80080E72F /* Assets.xcassets in Resources */ = {isa = PBXBuildFile; fileRef = E6FA10AB238D90D80080E72F /* Assets.xcassets */; };
		E6FA10AF238D90D80080E72F /* LaunchScreen.storyboard in Resources */ = {isa = PBXBuildFile; fileRef = E6FA10AD238D90D80080E72F /* LaunchScreen.storyboard */; };
/* End PBXBuildFile section */

/* Begin PBXFileReference section */
		E642FD7C238DBC5F00C0CC56 /* TicViewController.swift */ = {isa = PBXFileReference; lastKnownFileType = sourcecode.swift; path = TicViewController.swift; sourceTree = "<group>"; };
		E642FD80239301BD00C0CC56 /* BotViewController.swift */ = {isa = PBXFileReference; lastKnownFileType = sourcecode.swift; path = BotViewController.swift; sourceTree = "<group>"; };
		E642FD82239301CC00C0CC56 /* HumanViewController.swift */ = {isa = PBXFileReference; lastKnownFileType = sourcecode.swift; path = HumanViewController.swift; sourceTree = "<group>"; };
		E6F9C6EB23ABFAC900D45500 /* BullViewController.swift */ = {isa = PBXFileReference; lastKnownFileType = sourcecode.swift; path = BullViewController.swift; sourceTree = "<group>"; };
		E6F9C6ED23B144E900D45500 /* FifteenViewController.swift */ = {isa = PBXFileReference; lastKnownFileType = sourcecode.swift; path = FifteenViewController.swift; sourceTree = "<group>"; };
		E6FA10A1238D90D70080E72F /* BattleShip.app */ = {isa = PBXFileReference; explicitFileType = wrapper.application; includeInIndex = 0; path = BattleShip.app; sourceTree = BUILT_PRODUCTS_DIR; };
		E6FA10A4238D90D70080E72F /* AppDelegate.swift */ = {isa = PBXFileReference; lastKnownFileType = sourcecode.swift; path = AppDelegate.swift; sourceTree = "<group>"; };
		E6FA10A6238D90D70080E72F /* MainViewController.swift */ = {isa = PBXFileReference; lastKnownFileType = sourcecode.swift; path = MainViewController.swift; sourceTree = "<group>"; };
		E6FA10A9238D90D70080E72F /* Base */ = {isa = PBXFileReference; lastKnownFileType = file.storyboard; name = Base; path = Base.lproj/Main.storyboard; sourceTree = "<group>"; };
		E6FA10AB238D90D80080E72F /* Assets.xcassets */ = {isa = PBXFileReference; lastKnownFileType = folder.assetcatalog; path = Assets.xcassets; sourceTree = "<group>"; };
		E6FA10AE238D90D80080E72F /* Base */ = {isa = PBXFileReference; lastKnownFileType = file.storyboard; name = Base; path = Base.lproj/LaunchScreen.storyboard; sourceTree = "<group>"; };
		E6FA10B0238D90D80080E72F /* Info.plist */ = {isa = PBXFileReference; lastKnownFileType = text.plist.xml; path = Info.plist; sourceTree = "<group>"; };
/* End PBXFileReference section */

/* Begin PBXFrameworksBuildPhase section */
		E6FA109E238D90D70080E72F /* Frameworks */ = {
			isa = PBXFrameworksBuildPhase;
			buildActionMask = 2147483647;
			files = (
			);
			runOnlyForDeploymentPostprocessing = 0;
		};
/* End PBXFrameworksBuildPhase section */

/* Begin PBXGroup section */
		E6FA1098238D90D70080E72F = {
			isa = PBXGroup;
			children = (
				E6FA10A3238D90D70080E72F /* BattleShip */,
				E6FA10A2238D90D70080E72F /* Products */,
			);
			sourceTree = "<group>";
		};
		E6FA10A2238D90D70080E72F /* Products */ = {
			isa = PBXGroup;
			children = (
				E6FA10A1238D90D70080E72F /* BattleShip.app */,
			);
			name = Products;
			sourceTree = "<group>";
		};
		E6FA10A3238D90D70080E72F /* BattleShip */ = {
			isa = PBXGroup;
			children = (
				E6FA10A4238D90D70080E72F /* AppDelegate.swift */,
				E642FD7C238DBC5F00C0CC56 /* TicViewController.swift */,
				E642FD80239301BD00C0CC56 /* BotViewController.swift */,
				E642FD82239301CC00C0CC56 /* HumanViewController.swift */,
				E6F9C6EB23ABFAC900D45500 /* BullViewController.swift */,
				E6F9C6ED23B144E900D45500 /* FifteenViewController.swift */,
				E6FA10A6238D90D70080E72F /* MainViewController.swift */,
				E6FA10A8238D90D70080E72F /* Main.storyboard */,
				E6FA10AB238D90D80080E72F /* Assets.xcassets */,
				E6FA10AD238D90D80080E72F /* LaunchScreen.storyboard */,
				E6FA10B0238D90D80080E72F /* Info.plist */,
			);
			path = BattleShip;
			sourceTree = "<group>";
		};
/* End PBXGroup section */

/* Begin PBXNativeTarget section */
		E6FA10A0238D90D70080E72F /* BattleShip */ = {
			isa = PBXNativeTarget;
			buildConfigurationList = E6FA10B3238D90D80080E72F /* Build configuration list for PBXNativeTarget "BattleShip" */;
			buildPhases = (
				E6FA109D238D90D70080E72F /* Sources */,
				E6FA109E238D90D70080E72F /* Frameworks */,
				E6FA109F238D90D70080E72F /* Resources */,
			);
			buildRules = (
			);
			dependencies = (
			);
			name = BattleShip;
			productName = BattleShip;
			productReference = E6FA10A1238D90D70080E72F /* BattleShip.app */;
			productType = "com.apple.product-type.application";
		};
/* End PBXNativeTarget section */

/* Begin PBXProject section */
		E6FA1099238D90D70080E72F /* Project object */ = {
			isa = PBXProject;
			attributes = {
				LastSwiftUpdateCheck = 1010;
				LastUpgradeCheck = 1010;
				ORGANIZATIONNAME = "Ivan Ivanov";
				TargetAttributes = {
					E6FA10A0238D90D70080E72F = {
						CreatedOnToolsVersion = 10.1;
					};
				};
			};
			buildConfigurationList = E6FA109C238D90D70080E72F /* Build configuration list for PBXProject "BattleShip" */;
			compatibilityVersion = "Xcode 9.3";
			developmentRegion = en;
			hasScannedForEncodings = 0;
			knownRegions = (
				en,
				Base,
			);
			mainGroup = E6FA1098238D90D70080E72F;
			productRefGroup = E6FA10A2238D90D70080E72F /* Products */;
			projectDirPath = "";
			projectRoot = "";
			targets = (
				E6FA10A0238D90D70080E72F /* BattleShip */,
			);
		};
/* End PBXProject section */

/* Begin PBXResourcesBuildPhase section */
		E6FA109F238D90D70080E72F /* Resources */ = {
			isa = PBXResourcesBuildPhase;
			buildActionMask = 2147483647;
			files = (
				E6FA10AF238D90D80080E72F /* LaunchScreen.storyboard in Resources */,
				E6FA10AC238D90D80080E72F /* Assets.xcassets in Resources */,
				E6FA10AA238D90D70080E72F /* Main.storyboard in Resources */,
			);
			runOnlyForDeploymentPostprocessing = 0;
		};
/* End PBXResourcesBuildPhase section */

/* Begin PBXSourcesBuildPhase section */
		E6FA109D238D90D70080E72F /* Sources */ = {
			isa = PBXSourcesBuildPhase;
			buildActionMask = 2147483647;
			files = (
				E642FD81239301BD00C0CC56 /* BotViewController.swift in Sources */,
				E6F9C6EE23B144E900D45500 /* FifteenViewController.swift in Sources */,
				E642FD7D238DBC5F00C0CC56 /* TicViewController.swift in Sources */,
				E642FD83239301CC00C0CC56 /* HumanViewController.swift in Sources */,
				E6FA10A7238D90D70080E72F /* MainViewController.swift in Sources */,
				E6FA10A5238D90D70080E72F /* AppDelegate.swift in Sources */,
				E6F9C6EC23ABFAC900D45500 /* BullViewController.swift in Sources */,
			);
			runOnlyForDeploymentPostprocessing = 0;
		};
/* End PBXSourcesBuildPhase section */

/* Begin PBXVariantGroup section */
		E6FA10A8238D90D70080E72F /* Main.storyboard */ = {
			isa = PBXVariantGroup;
			children = (
				E6FA10A9238D90D70080E72F /* Base */,
			);
			name = Main.storyboard;
			sourceTree = "<group>";
		};
		E6FA10AD238D90D80080E72F /* LaunchScreen.storyboard */ = {
			isa = PBXVariantGroup;
			children = (
				E6FA10AE238D90D80080E72F /* Base */,
			);
			name = LaunchScreen.storyboard;
			sourceTree = "<group>";
		};
/* End PBXVariantGroup section */

/* Begin XCBuildConfiguration section */
		E6FA10B1238D90D80080E72F /* Debug */ = {
			isa = XCBuildConfiguration;
			buildSettings = {
				ALWAYS_SEARCH_USER_PATHS = NO;
				CLANG_ANALYZER_NONNULL = YES;
				CLANG_ANALYZER_NUMBER_OBJECT_CONVERSION = YES_AGGRESSIVE;
				CLANG_CXX_LANGUAGE_STANDARD = "gnu++14";
				CLANG_CXX_LIBRARY = "libc++";
				CLANG_ENABLE_MODULES = YES;
				CLANG_ENABLE_OBJC_ARC = YES;
				CLANG_ENABLE_OBJC_WEAK = YES;
				CLANG_WARN_BLOCK_CAPTURE_AUTORELEASING = YES;
				CLANG_WARN_BOOL_CONVERSION = YES;
				CLANG_WARN_COMMA = YES;
				CLANG_WARN_CONSTANT_CONVERSION = YES;
				CLANG_WARN_DEPRECATED_OBJC_IMPLEMENTATIONS = YES;
				CLANG_WARN_DIRECT_OBJC_ISA_USAGE = YES_ERROR;
				CLANG_WARN_DOCUMENTATION_COMMENTS = YES;
				CLANG_WARN_EMPTY_BODY = YES;
				CLANG_WARN_ENUM_CONVERSION = YES;
				CLANG_WARN_INFINITE_RECURSION = YES;
				CLANG_WARN_INT_CONVERSION = YES;
				CLANG_WARN_NON_LITERAL_NULL_CONVERSION = YES;
				CLANG_WARN_OBJC_IMPLICIT_RETAIN_SELF = YES;
				CLANG_WARN_OBJC_LITERAL_CONVERSION = YES;
				CLANG_WARN_OBJC_ROOT_CLASS = YES_ERROR;
				CLANG_WARN_RANGE_LOOP_ANALYSIS = YES;
				CLANG_WARN_STRICT_PROTOTYPES = YES;
				CLANG_WARN_SUSPICIOUS_MOVE = YES;
				CLANG_WARN_UNGUARDED_AVAILABILITY = YES_AGGRESSIVE;
				CLANG_WARN_UNREACHABLE_CODE = YES;
				CLANG_WARN__DUPLICATE_METHOD_MATCH = YES;
				CODE_SIGN_IDENTITY = "iPhone Developer";
				COPY_PHASE_STRIP = NO;
				DEBUG_INFORMATION_FORMAT = dwarf;
				ENABLE_STRICT_OBJC_MSGSEND = YES;
				ENABLE_TESTABILITY = YES;
				GCC_C_LANGUAGE_STANDARD = gnu11;
				GCC_DYNAMIC_NO_PIC = NO;
				GCC_NO_COMMON_BLOCKS = YES;
				GCC_OPTIMIZATION_LEVEL = 0;
				GCC_PREPROCESSOR_DEFINITIONS = (
					"DEBUG=1",
					"$(inherited)",
				);
				GCC_WARN_64_TO_32_BIT_CONVERSION = YES;
				GCC_WARN_ABOUT_RETURN_TYPE = YES_ERROR;
				GCC_WARN_UNDECLARED_SELECTOR = YES;
				GCC_WARN_UNINITIALIZED_AUTOS = YES_AGGRESSIVE;
				GCC_WARN_UNUSED_FUNCTION = YES;
				GCC_WARN_UNUSED_VARIABLE = YES;
				IPHONEOS_DEPLOYMENT_TARGET = 12.1;
				MTL_ENABLE_DEBUG_INFO = INCLUDE_SOURCE;
				MTL_FAST_MATH = YES;
				ONLY_ACTIVE_ARCH = YES;
				SDKROOT = iphoneos;
				SWIFT_ACTIVE_COMPILATION_CONDITIONS = DEBUG;
				SWIFT_OPTIMIZATION_LEVEL = "-Onone";
			};
			name = Debug;
		};
		E6FA10B2238D90D80080E72F /* Release */ = {
			isa = XCBuildConfiguration;
			buildSettings = {
				ALWAYS_SEARCH_USER_PATHS = NO;
				CLANG_ANALYZER_NONNULL = YES;
				CLANG_ANALYZER_NUMBER_OBJECT_CONVERSION = YES_AGGRESSIVE;
				CLANG_CXX_LANGUAGE_STANDARD = "gnu++14";
				CLANG_CXX_LIBRARY = "libc++";
				CLANG_ENABLE_MODULES = YES;
				CLANG_ENABLE_OBJC_ARC = YES;
				CLANG_ENABLE_OBJC_WEAK = YES;
				CLANG_WARN_BLOCK_CAPTURE_AUTORELEASING = YES;
				CLANG_WARN_BOOL_CONVERSION = YES;
				CLANG_WARN_COMMA = YES;
				CLANG_WARN_CONSTANT_CONVERSION = YES;
				CLANG_WARN_DEPRECATED_OBJC_IMPLEMENTATIONS = YES;
				CLANG_WARN_DIRECT_OBJC_ISA_USAGE = YES_ERROR;
				CLANG_WARN_DOCUMENTATION_COMMENTS = YES;
				CLANG_WARN_EMPTY_BODY = YES;
				CLANG_WARN_ENUM_CONVERSION = YES;
				CLANG_WARN_INFINITE_RECURSION = YES;
				CLANG_WARN_INT_CONVERSION = YES;
				CLANG_WARN_NON_LITERAL_NULL_CONVERSION = YES;
				CLANG_WARN_OBJC_IMPLICIT_RETAIN_SELF = YES;
				CLANG_WARN_OBJC_LITERAL_CONVERSION = YES;
				CLANG_WARN_OBJC_ROOT_CLASS = YES_ERROR;
				CLANG_WARN_RANGE_LOOP_ANALYSIS = YES;
				CLANG_WARN_STRICT_PROTOTYPES = YES;
				CLANG_WARN_SUSPICIOUS_MOVE = YES;
				CLANG_WARN_UNGUARDED_AVAILABILITY = YES_AGGRESSIVE;
				CLANG_WARN_UNREACHABLE_CODE = YES;
				CLANG_WARN__DUPLICATE_METHOD_MATCH = YES;
				CODE_SIGN_IDENTITY = "iPhone Developer";
				COPY_PHASE_STRIP = NO;
				DEBUG_INFORMATION_FORMAT = "dwarf-with-dsym";
				ENABLE_NS_ASSERTIONS = NO;
				ENABLE_STRICT_OBJC_MSGSEND = YES;
				GCC_C_LANGUAGE_STANDARD = gnu11;
				GCC_NO_COMMON_BLOCKS = YES;
				GCC_WARN_64_TO_32_BIT_CONVERSION = YES;
				GCC_WARN_ABOUT_RETURN_TYPE = YES_ERROR;
				GCC_WARN_UNDECLARED_SELECTOR = YES;
				GCC_WARN_UNINITIALIZED_AUTOS = YES_AGGRESSIVE;
				GCC_WARN_UNUSED_FUNCTION = YES;
				GCC_WARN_UNUSED_VARIABLE = YES;
				IPHONEOS_DEPLOYMENT_TARGET = 12.1;
				MTL_ENABLE_DEBUG_INFO = NO;
				MTL_FAST_MATH = YES;
				SDKROOT = iphoneos;
				SWIFT_COMPILATION_MODE = wholemodule;
				SWIFT_OPTIMIZATION_LEVEL = "-O";
				VALIDATE_PRODUCT = YES;
			};
			name = Release;
		};
		E6FA10B4238D90D80080E72F /* Debug */ = {
			isa = XCBuildConfiguration;
			buildSettings = {
				ASSETCATALOG_COMPILER_APPICON_NAME = AppIcon;
				CODE_SIGN_STYLE = Automatic;
				DEVELOPMENT_TEAM = L76V78YNF6;
				INFOPLIST_FILE = BattleShip/Info.plist;
				LD_RUNPATH_SEARCH_PATHS = (
					"$(inherited)",
					"@executable_path/Frameworks",
				);
				PRODUCT_BUNDLE_IDENTIFIER = uk.me.berries.BattleShip;
				PRODUCT_NAME = "$(TARGET_NAME)";
				SWIFT_VERSION = 4.2;
				TARGETED_DEVICE_FAMILY = 1;
			};
			name = Debug;
		};
		E6FA10B5238D90D80080E72F /* Release */ = {
			isa = XCBuildConfiguration;
			buildSettings = {
				ASSETCATALOG_COMPILER_APPICON_NAME = AppIcon;
				CODE_SIGN_STYLE = Automatic;
				DEVELOPMENT_TEAM = L76V78YNF6;
				INFOPLIST_FILE = BattleShip/Info.plist;
				LD_RUNPATH_SEARCH_PATHS = (
					"$(inherited)",
					"@executable_path/Frameworks",
				);
				PRODUCT_BUNDLE_IDENTIFIER = uk.me.berries.BattleShip;
				PRODUCT_NAME = "$(TARGET_NAME)";
				SWIFT_VERSION = 4.2;
				TARGETED_DEVICE_FAMILY = 1;
			};
			name = Release;
		};
/* End XCBuildConfiguration section */

/* Begin XCConfigurationList section */
		E6FA109C238D90D70080E72F /* Build configuration list for PBXProject "BattleShip" */ = {
			isa = XCConfigurationList;
			buildConfigurations = (
				E6FA10B1238D90D80080E72F /* Debug */,
				E6FA10B2238D90D80080E72F /* Release */,
			);
			defaultConfigurationIsVisible = 0;
			defaultConfigurationName = Release;
		};
		E6FA10B3238D90D80080E72F /* Build configuration list for PBXNativeTarget "BattleShip" */ = {
			isa = XCConfigurationList;
			buildConfigurations = (
				E6FA10B4238D90D80080E72F /* Debug */,
				E6FA10B5238D90D80080E72F /* Release */,
			);
			defaultConfigurationIsVisible = 0;
			defaultConfigurationName = Release;
		};
/* End XCConfigurationList section */
	};
	rootObject = E6FA1099238D90D70080E72F /* Project object */;
}
